
Microsoft Visual Studio Solution File, Format Version 12.00
# Visual Studio Version 17
VisualStudioVersion = 17.14.36301.6 d17.14
MinimumVisualStudioVersion = 10.0.40219.1
Project("{FAE04EC0-301F-11D3-BF4B-00C04F79EFBC}") = "MazeAStar", "MazeAStar.csproj", "{699B611D-2C6E-4D52-9EB0-234304131100}"
EndProject
Global
	GlobalSection(SolutionConfigurationPlatforms) = preSolution
		Debug|Any CPU = Debug|Any CPU
		Release|Any CPU = Release|Any CPU
	EndGlobalSection
	GlobalSection(ProjectConfigurationPlatforms) = postSolution
		{699B611D-2C6E-4D52-9EB0-234304131100}.Debug|Any CPU.ActiveCfg = Debug|Any CPU
		{699B611D-2C6E-4D52-9EB0-234304131100}.Debug|Any CPU.Build.0 = Debug|Any CPU
		{699B611D-2C6E-4D52-9EB0-234304131100}.Release|Any CPU.ActiveCfg = Release|Any CPU
		{699B611D-2C6E-4D52-9EB0-234304131100}.Release|Any CPU.Build.0 = Release|Any CPU
	EndGlobalSection
	GlobalSection(SolutionProperties) = preSolution
		HideSolutionNode = FALSE
	EndGlobalSection
	GlobalSection(ExtensibilityGlobals) = postSolution
		SolutionGuid = {F3DE10A5-52E3-4CB6-859E-06A8DFC0D1E2}
	EndGlobalSection
EndGlobal
